// !$*UTF8*$!
{
	archiveVersion = 1;
	classes = {
	};
	objectVersion = 56;
	objects = {

/* Begin PBXBuildFile section */
		E9516F2E2A89670700CCF832 /* PeopleViewModel.swift in Sources */ = {isa = PBXBuildFile; fileRef = E9516F2D2A89670700CCF832 /* PeopleViewModel.swift */; };
		E9516F302A89700E00CCF832 /* DetailViewModel.swift in Sources */ = {isa = PBXBuildFile; fileRef = E9516F2F2A89700E00CCF832 /* DetailViewModel.swift */; };
		E9516F322A8978B100CCF832 /* NewPerson.swift in Sources */ = {isa = PBXBuildFile; fileRef = E9516F312A8978B100CCF832 /* NewPerson.swift */; };
		E9516F342A89792F00CCF832 /* CreateViewModel.swift in Sources */ = {isa = PBXBuildFile; fileRef = E9516F332A89792F00CCF832 /* CreateViewModel.swift */; };
		E97D5AC42A8A4396001D73CF /* CheckmarkPopover.swift in Sources */ = {isa = PBXBuildFile; fileRef = E97D5AC32A8A4396001D73CF /* CheckmarkPopover.swift */; };
		E97D5AC72A8A4DC0001D73CF /* CreateValidator.swift in Sources */ = {isa = PBXBuildFile; fileRef = E97D5AC62A8A4DC0001D73CF /* CreateValidator.swift */; };
		E97D5ACA2A8A6127001D73CF /* HapticsManager.swift in Sources */ = {isa = PBXBuildFile; fileRef = E97D5AC92A8A6127001D73CF /* HapticsManager.swift */; };
		E97D5ACC2A8A62F8001D73CF /* SettingsView.swift in Sources */ = {isa = PBXBuildFile; fileRef = E97D5ACB2A8A62F8001D73CF /* SettingsView.swift */; };
		E97D5ACF2A8A6498001D73CF /* UserDefaultKeys.swift in Sources */ = {isa = PBXBuildFile; fileRef = E97D5ACE2A8A6498001D73CF /* UserDefaultKeys.swift */; };
		E97D5AD12A8A6991001D73CF /* EndPoint.swift in Sources */ = {isa = PBXBuildFile; fileRef = E97D5AD02A8A6991001D73CF /* EndPoint.swift */; };
		E9A2B44B2A87B92000B81873 /* iOSTakeHomeProjectApp.swift in Sources */ = {isa = PBXBuildFile; fileRef = E9A2B44A2A87B92000B81873 /* iOSTakeHomeProjectApp.swift */; };
		E9A2B44F2A87B92100B81873 /* Assets.xcassets in Resources */ = {isa = PBXBuildFile; fileRef = E9A2B44E2A87B92100B81873 /* Assets.xcassets */; };
		E9A2B4522A87B92100B81873 /* Preview Assets.xcassets in Resources */ = {isa = PBXBuildFile; fileRef = E9A2B4512A87B92100B81873 /* Preview Assets.xcassets */; };
		E9A2B45C2A87B92100B81873 /* iOSTakeHomeProjectTests.swift in Sources */ = {isa = PBXBuildFile; fileRef = E9A2B45B2A87B92100B81873 /* iOSTakeHomeProjectTests.swift */; };
		E9A2B4662A87B92100B81873 /* iOSTakeHomeProjectUITests.swift in Sources */ = {isa = PBXBuildFile; fileRef = E9A2B4652A87B92100B81873 /* iOSTakeHomeProjectUITests.swift */; };
		E9A2B4682A87B92100B81873 /* iOSTakeHomeProjectUITestsLaunchTests.swift in Sources */ = {isa = PBXBuildFile; fileRef = E9A2B4672A87B92100B81873 /* iOSTakeHomeProjectUITestsLaunchTests.swift */; };
		E9A2B4762A87BB4D00B81873 /* Symbols.swift in Sources */ = {isa = PBXBuildFile; fileRef = E9A2B4752A87BB4D00B81873 /* Symbols.swift */; };
		E9A2B4782A87C56500B81873 /* Theme.swift in Sources */ = {isa = PBXBuildFile; fileRef = E9A2B4772A87C56500B81873 /* Theme.swift */; };
		E9A2B48B2A87CA2A00B81873 /* UserStaticData.json in Resources */ = {isa = PBXBuildFile; fileRef = E9A2B48A2A87CA2A00B81873 /* UserStaticData.json */; };
		E9A2B48D2A87CAD300B81873 /* SingleUserData.json in Resources */ = {isa = PBXBuildFile; fileRef = E9A2B48C2A87CAD300B81873 /* SingleUserData.json */; };
		E9A2B48F2A87CC0900B81873 /* UserDetailResponse.swift in Sources */ = {isa = PBXBuildFile; fileRef = E9A2B48E2A87CC0900B81873 /* UserDetailResponse.swift */; };
		E9A2B4912A87CCB400B81873 /* UserResponse.swift in Sources */ = {isa = PBXBuildFile; fileRef = E9A2B4902A87CCB400B81873 /* UserResponse.swift */; };
		E9A2B4952A87CE8B00B81873 /* Models.swift in Sources */ = {isa = PBXBuildFile; fileRef = E9A2B4942A87CE8B00B81873 /* Models.swift */; };
		E9A2B4982A87CEEC00B81873 /* StaticJSONMapper.swift in Sources */ = {isa = PBXBuildFile; fileRef = E9A2B4972A87CEEC00B81873 /* StaticJSONMapper.swift */; };
		E9A2B49A2A87DB2600B81873 /* PeopleView.swift in Sources */ = {isa = PBXBuildFile; fileRef = E9A2B4992A87DB2600B81873 /* PeopleView.swift */; };
		E9A2B49C2A87EBD400B81873 /* PersonItemView.swift in Sources */ = {isa = PBXBuildFile; fileRef = E9A2B49B2A87EBD400B81873 /* PersonItemView.swift */; };
		E9A2B49F2A87F94500B81873 /* PillView.swift in Sources */ = {isa = PBXBuildFile; fileRef = E9A2B49E2A87F94500B81873 /* PillView.swift */; };
		E9A2B4A12A8811AD00B81873 /* DetailView.swift in Sources */ = {isa = PBXBuildFile; fileRef = E9A2B4A02A8811AD00B81873 /* DetailView.swift */; };
		E9DCDF2C2A8E217D0080E6E4 /* NetworkingEndpointTests.swift in Sources */ = {isa = PBXBuildFile; fileRef = E9DCDF2B2A8E217D0080E6E4 /* NetworkingEndpointTests.swift */; };
		E9DCDF2F2A8E46490080E6E4 /* MockURLSessionProtocol.swift in Sources */ = {isa = PBXBuildFile; fileRef = E9DCDF2E2A8E46490080E6E4 /* MockURLSessionProtocol.swift */; };
		E9DCDF322A8E4D2B0080E6E4 /* NetworkingManagerTests.swift in Sources */ = {isa = PBXBuildFile; fileRef = E9DCDF312A8E4D2B0080E6E4 /* NetworkingManagerTests.swift */; };
		E9DCDF352A8E75FD0080E6E4 /* PeopleViewModelSuccessTests.swift in Sources */ = {isa = PBXBuildFile; fileRef = E9DCDF342A8E75FD0080E6E4 /* PeopleViewModelSuccessTests.swift */; };
		E9DCDF372A8E76A10080E6E4 /* NetworkingManagerUserResponseSuccessMock.swift in Sources */ = {isa = PBXBuildFile; fileRef = E9DCDF362A8E76A10080E6E4 /* NetworkingManagerUserResponseSuccessMock.swift */; };
		E9E965A22A891A7700ECADEE /* CreateView.swift in Sources */ = {isa = PBXBuildFile; fileRef = E9E965A12A891A7700ECADEE /* CreateView.swift */; };
		E9E965A52A8928A200ECADEE /* NetworkingManager.swift in Sources */ = {isa = PBXBuildFile; fileRef = E9E965A42A8928A200ECADEE /* NetworkingManager.swift */; };
/* End PBXBuildFile section */

/* Begin PBXContainerItemProxy section */
		E9A2B4582A87B92100B81873 /* PBXContainerItemProxy */ = {
			isa = PBXContainerItemProxy;
			containerPortal = E9A2B43F2A87B91F00B81873 /* Project object */;
			proxyType = 1;
			remoteGlobalIDString = E9A2B4462A87B92000B81873;
			remoteInfo = iOSTakeHomeProject;
		};
		E9A2B4622A87B92100B81873 /* PBXContainerItemProxy */ = {
			isa = PBXContainerItemProxy;
			containerPortal = E9A2B43F2A87B91F00B81873 /* Project object */;
			proxyType = 1;
			remoteGlobalIDString = E9A2B4462A87B92000B81873;
			remoteInfo = iOSTakeHomeProject;
		};
/* End PBXContainerItemProxy section */

/* Begin PBXFileReference section */
		E9516F2D2A89670700CCF832 /* PeopleViewModel.swift */ = {isa = PBXFileReference; lastKnownFileType = sourcecode.swift; path = PeopleViewModel.swift; sourceTree = "<group>"; };
		E9516F2F2A89700E00CCF832 /* DetailViewModel.swift */ = {isa = PBXFileReference; lastKnownFileType = sourcecode.swift; path = DetailViewModel.swift; sourceTree = "<group>"; };
		E9516F312A8978B100CCF832 /* NewPerson.swift */ = {isa = PBXFileReference; lastKnownFileType = sourcecode.swift; path = NewPerson.swift; sourceTree = "<group>"; };
		E9516F332A89792F00CCF832 /* CreateViewModel.swift */ = {isa = PBXFileReference; lastKnownFileType = sourcecode.swift; path = CreateViewModel.swift; sourceTree = "<group>"; };
		E97D5AC32A8A4396001D73CF /* CheckmarkPopover.swift */ = {isa = PBXFileReference; lastKnownFileType = sourcecode.swift; path = CheckmarkPopover.swift; sourceTree = "<group>"; };
		E97D5AC62A8A4DC0001D73CF /* CreateValidator.swift */ = {isa = PBXFileReference; lastKnownFileType = sourcecode.swift; path = CreateValidator.swift; sourceTree = "<group>"; };
		E97D5AC92A8A6127001D73CF /* HapticsManager.swift */ = {isa = PBXFileReference; lastKnownFileType = sourcecode.swift; path = HapticsManager.swift; sourceTree = "<group>"; };
		E97D5ACB2A8A62F8001D73CF /* SettingsView.swift */ = {isa = PBXFileReference; lastKnownFileType = sourcecode.swift; path = SettingsView.swift; sourceTree = "<group>"; };
		E97D5ACE2A8A6498001D73CF /* UserDefaultKeys.swift */ = {isa = PBXFileReference; lastKnownFileType = sourcecode.swift; path = UserDefaultKeys.swift; sourceTree = "<group>"; };
		E97D5AD02A8A6991001D73CF /* EndPoint.swift */ = {isa = PBXFileReference; lastKnownFileType = sourcecode.swift; path = EndPoint.swift; sourceTree = "<group>"; };
		E9A2B4472A87B92000B81873 /* iOSTakeHomeProject.app */ = {isa = PBXFileReference; explicitFileType = wrapper.application; includeInIndex = 0; path = iOSTakeHomeProject.app; sourceTree = BUILT_PRODUCTS_DIR; };
		E9A2B44A2A87B92000B81873 /* iOSTakeHomeProjectApp.swift */ = {isa = PBXFileReference; lastKnownFileType = sourcecode.swift; path = iOSTakeHomeProjectApp.swift; sourceTree = "<group>"; };
		E9A2B44E2A87B92100B81873 /* Assets.xcassets */ = {isa = PBXFileReference; lastKnownFileType = folder.assetcatalog; path = Assets.xcassets; sourceTree = "<group>"; };
		E9A2B4512A87B92100B81873 /* Preview Assets.xcassets */ = {isa = PBXFileReference; lastKnownFileType = folder.assetcatalog; path = "Preview Assets.xcassets"; sourceTree = "<group>"; };
		E9A2B4572A87B92100B81873 /* iOSTakeHomeProjectTests.xctest */ = {isa = PBXFileReference; explicitFileType = wrapper.cfbundle; includeInIndex = 0; path = iOSTakeHomeProjectTests.xctest; sourceTree = BUILT_PRODUCTS_DIR; };
		E9A2B45B2A87B92100B81873 /* iOSTakeHomeProjectTests.swift */ = {isa = PBXFileReference; lastKnownFileType = sourcecode.swift; path = iOSTakeHomeProjectTests.swift; sourceTree = "<group>"; };
		E9A2B4612A87B92100B81873 /* iOSTakeHomeProjectUITests.xctest */ = {isa = PBXFileReference; explicitFileType = wrapper.cfbundle; includeInIndex = 0; path = iOSTakeHomeProjectUITests.xctest; sourceTree = BUILT_PRODUCTS_DIR; };
		E9A2B4652A87B92100B81873 /* iOSTakeHomeProjectUITests.swift */ = {isa = PBXFileReference; lastKnownFileType = sourcecode.swift; path = iOSTakeHomeProjectUITests.swift; sourceTree = "<group>"; };
		E9A2B4672A87B92100B81873 /* iOSTakeHomeProjectUITestsLaunchTests.swift */ = {isa = PBXFileReference; lastKnownFileType = sourcecode.swift; path = iOSTakeHomeProjectUITestsLaunchTests.swift; sourceTree = "<group>"; };
		E9A2B4752A87BB4D00B81873 /* Symbols.swift */ = {isa = PBXFileReference; lastKnownFileType = sourcecode.swift; path = Symbols.swift; sourceTree = "<group>"; };
		E9A2B4772A87C56500B81873 /* Theme.swift */ = {isa = PBXFileReference; lastKnownFileType = sourcecode.swift; path = Theme.swift; sourceTree = "<group>"; };
		E9A2B48A2A87CA2A00B81873 /* UserStaticData.json */ = {isa = PBXFileReference; lastKnownFileType = text.json; path = UserStaticData.json; sourceTree = "<group>"; };
		E9A2B48C2A87CAD300B81873 /* SingleUserData.json */ = {isa = PBXFileReference; lastKnownFileType = text.json; path = SingleUserData.json; sourceTree = "<group>"; };
		E9A2B48E2A87CC0900B81873 /* UserDetailResponse.swift */ = {isa = PBXFileReference; lastKnownFileType = sourcecode.swift; path = UserDetailResponse.swift; sourceTree = "<group>"; };
		E9A2B4902A87CCB400B81873 /* UserResponse.swift */ = {isa = PBXFileReference; lastKnownFileType = sourcecode.swift; path = UserResponse.swift; sourceTree = "<group>"; };
		E9A2B4942A87CE8B00B81873 /* Models.swift */ = {isa = PBXFileReference; lastKnownFileType = sourcecode.swift; path = Models.swift; sourceTree = "<group>"; };
		E9A2B4972A87CEEC00B81873 /* StaticJSONMapper.swift */ = {isa = PBXFileReference; lastKnownFileType = sourcecode.swift; path = StaticJSONMapper.swift; sourceTree = "<group>"; };
		E9A2B4992A87DB2600B81873 /* PeopleView.swift */ = {isa = PBXFileReference; lastKnownFileType = sourcecode.swift; path = PeopleView.swift; sourceTree = "<group>"; };
		E9A2B49B2A87EBD400B81873 /* PersonItemView.swift */ = {isa = PBXFileReference; lastKnownFileType = sourcecode.swift; path = PersonItemView.swift; sourceTree = "<group>"; };
		E9A2B49E2A87F94500B81873 /* PillView.swift */ = {isa = PBXFileReference; lastKnownFileType = sourcecode.swift; path = PillView.swift; sourceTree = "<group>"; };
		E9A2B4A02A8811AD00B81873 /* DetailView.swift */ = {isa = PBXFileReference; lastKnownFileType = sourcecode.swift; path = DetailView.swift; sourceTree = "<group>"; };
		E9DCDF2B2A8E217D0080E6E4 /* NetworkingEndpointTests.swift */ = {isa = PBXFileReference; lastKnownFileType = sourcecode.swift; path = NetworkingEndpointTests.swift; sourceTree = "<group>"; };
		E9DCDF2E2A8E46490080E6E4 /* MockURLSessionProtocol.swift */ = {isa = PBXFileReference; lastKnownFileType = sourcecode.swift; path = MockURLSessionProtocol.swift; sourceTree = "<group>"; };
		E9DCDF312A8E4D2B0080E6E4 /* NetworkingManagerTests.swift */ = {isa = PBXFileReference; lastKnownFileType = sourcecode.swift; path = NetworkingManagerTests.swift; sourceTree = "<group>"; };
		E9DCDF342A8E75FD0080E6E4 /* PeopleViewModelSuccessTests.swift */ = {isa = PBXFileReference; lastKnownFileType = sourcecode.swift; path = PeopleViewModelSuccessTests.swift; sourceTree = "<group>"; };
		E9DCDF362A8E76A10080E6E4 /* NetworkingManagerUserResponseSuccessMock.swift */ = {isa = PBXFileReference; lastKnownFileType = sourcecode.swift; path = NetworkingManagerUserResponseSuccessMock.swift; sourceTree = "<group>"; };
		E9E965A12A891A7700ECADEE /* CreateView.swift */ = {isa = PBXFileReference; lastKnownFileType = sourcecode.swift; path = CreateView.swift; sourceTree = "<group>"; };
		E9E965A42A8928A200ECADEE /* NetworkingManager.swift */ = {isa = PBXFileReference; lastKnownFileType = sourcecode.swift; path = NetworkingManager.swift; sourceTree = "<group>"; };
/* End PBXFileReference section */

/* Begin PBXFrameworksBuildPhase section */
		E9A2B4442A87B92000B81873 /* Frameworks */ = {
			isa = PBXFrameworksBuildPhase;
			buildActionMask = 2147483647;
			files = (
			);
			runOnlyForDeploymentPostprocessing = 0;
		};
		E9A2B4542A87B92100B81873 /* Frameworks */ = {
			isa = PBXFrameworksBuildPhase;
			buildActionMask = 2147483647;
			files = (
			);
			runOnlyForDeploymentPostprocessing = 0;
		};
		E9A2B45E2A87B92100B81873 /* Frameworks */ = {
			isa = PBXFrameworksBuildPhase;
			buildActionMask = 2147483647;
			files = (
			);
			runOnlyForDeploymentPostprocessing = 0;
		};
/* End PBXFrameworksBuildPhase section */

/* Begin PBXGroup section */
		E97D5AC52A8A4DAF001D73CF /* Validator */ = {
			isa = PBXGroup;
			children = (
				E97D5AC62A8A4DC0001D73CF /* CreateValidator.swift */,
			);
			path = Validator;
			sourceTree = "<group>";
		};
		E97D5AC82A8A611D001D73CF /* Haptics */ = {
			isa = PBXGroup;
			children = (
				E97D5AC92A8A6127001D73CF /* HapticsManager.swift */,
			);
			path = Haptics;
			sourceTree = "<group>";
		};
		E97D5ACD2A8A646A001D73CF /* UserDefaults */ = {
			isa = PBXGroup;
			children = (
				E97D5ACE2A8A6498001D73CF /* UserDefaultKeys.swift */,
			);
			path = UserDefaults;
			sourceTree = "<group>";
		};
		E9A2B43E2A87B91F00B81873 = {
			isa = PBXGroup;
			children = (
				E9A2B4492A87B92000B81873 /* iOSTakeHomeProject */,
				E9A2B45A2A87B92100B81873 /* iOSTakeHomeProjectTests */,
				E9A2B4642A87B92100B81873 /* iOSTakeHomeProjectUITests */,
				E9A2B4482A87B92000B81873 /* Products */,
			);
			sourceTree = "<group>";
		};
		E9A2B4482A87B92000B81873 /* Products */ = {
			isa = PBXGroup;
			children = (
				E9A2B4472A87B92000B81873 /* iOSTakeHomeProject.app */,
				E9A2B4572A87B92100B81873 /* iOSTakeHomeProjectTests.xctest */,
				E9A2B4612A87B92100B81873 /* iOSTakeHomeProjectUITests.xctest */,
			);
			name = Products;
			sourceTree = "<group>";
		};
		E9A2B4492A87B92000B81873 /* iOSTakeHomeProject */ = {
			isa = PBXGroup;
			children = (
				E9A2B47A2A87C66A00B81873 /* Features */,
				E9A2B4792A87C66600B81873 /* Base */,
				E9A2B4742A87BB3800B81873 /* Resources */,
				E9A2B44A2A87B92000B81873 /* iOSTakeHomeProjectApp.swift */,
				E9A2B44E2A87B92100B81873 /* Assets.xcassets */,
				E9A2B4502A87B92100B81873 /* Preview Content */,
			);
			path = iOSTakeHomeProject;
			sourceTree = "<group>";
		};
		E9A2B4502A87B92100B81873 /* Preview Content */ = {
			isa = PBXGroup;
			children = (
				E9A2B4512A87B92100B81873 /* Preview Assets.xcassets */,
			);
			path = "Preview Content";
			sourceTree = "<group>";
		};
		E9A2B45A2A87B92100B81873 /* iOSTakeHomeProjectTests */ = {
			isa = PBXGroup;
			children = (
				E9DCDF332A8E75DE0080E6E4 /* People */,
				E9DCDF292A8E21250080E6E4 /* Networking */,
				E9DCDF282A8E211F0080E6E4 /* Form */,
				E9DCDF272A8E21170080E6E4 /* Mapper */,
				E9A2B45B2A87B92100B81873 /* iOSTakeHomeProjectTests.swift */,
			);
			path = iOSTakeHomeProjectTests;
			sourceTree = "<group>";
		};
		E9A2B4642A87B92100B81873 /* iOSTakeHomeProjectUITests */ = {
			isa = PBXGroup;
			children = (
				E9A2B4652A87B92100B81873 /* iOSTakeHomeProjectUITests.swift */,
				E9A2B4672A87B92100B81873 /* iOSTakeHomeProjectUITestsLaunchTests.swift */,
			);
			path = iOSTakeHomeProjectUITests;
			sourceTree = "<group>";
		};
		E9A2B4742A87BB3800B81873 /* Resources */ = {
			isa = PBXGroup;
			children = (
				E9A2B4892A87C9D100B81873 /* JSON */,
				E9A2B4752A87BB4D00B81873 /* Symbols.swift */,
				E9A2B4772A87C56500B81873 /* Theme.swift */,
			);
			path = Resources;
			sourceTree = "<group>";
		};
		E9A2B4792A87C66600B81873 /* Base */ = {
			isa = PBXGroup;
			children = (
				E97D5ACD2A8A646A001D73CF /* UserDefaults */,
				E97D5AC82A8A611D001D73CF /* Haptics */,
				E9E965A32A89288F00ECADEE /* API */,
				E9A2B49D2A87F93A00B81873 /* Views */,
				E9A2B4962A87CECF00B81873 /* Mapper */,
				E9A2B4922A87CE7500B81873 /* Model */,
			);
			path = Base;
			sourceTree = "<group>";
		};
		E9A2B47A2A87C66A00B81873 /* Features */ = {
			isa = PBXGroup;
			children = (
				E9A2B47E2A87C6A600B81873 /* Settings */,
				E9A2B47B2A87C67600B81873 /* Detail */,
				E9A2B47C2A87C68700B81873 /* Create */,
				E9A2B47D2A87C68C00B81873 /* People */,
			);
			path = Features;
			sourceTree = "<group>";
		};
		E9A2B47B2A87C67600B81873 /* Detail */ = {
			isa = PBXGroup;
			children = (
				E9A2B4852A87C72500B81873 /* Model */,
				E9A2B4842A87C72000B81873 /* View */,
				E9A2B4832A87C71C00B81873 /* ViewModel */,
			);
			path = Detail;
			sourceTree = "<group>";
		};
		E9A2B47C2A87C68700B81873 /* Create */ = {
			isa = PBXGroup;
			children = (
				E97D5AC52A8A4DAF001D73CF /* Validator */,
				E9A2B4882A87C73100B81873 /* Model */,
				E9A2B4872A87C72C00B81873 /* View */,
				E9A2B4862A87C72900B81873 /* ViewModel */,
			);
			path = Create;
			sourceTree = "<group>";
		};
		E9A2B47D2A87C68C00B81873 /* People */ = {
			isa = PBXGroup;
			children = (
				E9A2B4812A87C6DE00B81873 /* Model */,
				E9A2B4802A87C6D700B81873 /* View */,
				E9A2B47F2A87C6D100B81873 /* ViewModel */,
			);
			path = People;
			sourceTree = "<group>";
		};
		E9A2B47E2A87C6A600B81873 /* Settings */ = {
			isa = PBXGroup;
			children = (
				E9A2B4822A87C71500B81873 /* View */,
			);
			path = Settings;
			sourceTree = "<group>";
		};
		E9A2B47F2A87C6D100B81873 /* ViewModel */ = {
			isa = PBXGroup;
			children = (
				E9516F2D2A89670700CCF832 /* PeopleViewModel.swift */,
			);
			path = ViewModel;
			sourceTree = "<group>";
		};
		E9A2B4802A87C6D700B81873 /* View */ = {
			isa = PBXGroup;
			children = (
				E9A2B4992A87DB2600B81873 /* PeopleView.swift */,
				E9A2B49B2A87EBD400B81873 /* PersonItemView.swift */,
			);
			path = View;
			sourceTree = "<group>";
		};
		E9A2B4812A87C6DE00B81873 /* Model */ = {
			isa = PBXGroup;
			children = (
				E9A2B4902A87CCB400B81873 /* UserResponse.swift */,
			);
			path = Model;
			sourceTree = "<group>";
		};
		E9A2B4822A87C71500B81873 /* View */ = {
			isa = PBXGroup;
			children = (
				E97D5ACB2A8A62F8001D73CF /* SettingsView.swift */,
			);
			path = View;
			sourceTree = "<group>";
		};
		E9A2B4832A87C71C00B81873 /* ViewModel */ = {
			isa = PBXGroup;
			children = (
				E9516F2F2A89700E00CCF832 /* DetailViewModel.swift */,
			);
			path = ViewModel;
			sourceTree = "<group>";
		};
		E9A2B4842A87C72000B81873 /* View */ = {
			isa = PBXGroup;
			children = (
				E9A2B4A02A8811AD00B81873 /* DetailView.swift */,
			);
			path = View;
			sourceTree = "<group>";
		};
		E9A2B4852A87C72500B81873 /* Model */ = {
			isa = PBXGroup;
			children = (
				E9A2B48E2A87CC0900B81873 /* UserDetailResponse.swift */,
			);
			path = Model;
			sourceTree = "<group>";
		};
		E9A2B4862A87C72900B81873 /* ViewModel */ = {
			isa = PBXGroup;
			children = (
				E9516F332A89792F00CCF832 /* CreateViewModel.swift */,
			);
			path = ViewModel;
			sourceTree = "<group>";
		};
		E9A2B4872A87C72C00B81873 /* View */ = {
			isa = PBXGroup;
			children = (
				E9E965A12A891A7700ECADEE /* CreateView.swift */,
			);
			path = View;
			sourceTree = "<group>";
		};
		E9A2B4882A87C73100B81873 /* Model */ = {
			isa = PBXGroup;
			children = (
				E9516F312A8978B100CCF832 /* NewPerson.swift */,
			);
			path = Model;
			sourceTree = "<group>";
		};
		E9A2B4892A87C9D100B81873 /* JSON */ = {
			isa = PBXGroup;
			children = (
				E9A2B48A2A87CA2A00B81873 /* UserStaticData.json */,
				E9A2B48C2A87CAD300B81873 /* SingleUserData.json */,
			);
			path = JSON;
			sourceTree = "<group>";
		};
		E9A2B4922A87CE7500B81873 /* Model */ = {
			isa = PBXGroup;
			children = (
				E9A2B4942A87CE8B00B81873 /* Models.swift */,
			);
			path = Model;
			sourceTree = "<group>";
		};
		E9A2B4962A87CECF00B81873 /* Mapper */ = {
			isa = PBXGroup;
			children = (
				E9A2B4972A87CEEC00B81873 /* StaticJSONMapper.swift */,
			);
			path = Mapper;
			sourceTree = "<group>";
		};
		E9A2B49D2A87F93A00B81873 /* Views */ = {
			isa = PBXGroup;
			children = (
				E9A2B49E2A87F94500B81873 /* PillView.swift */,
				E97D5AC32A8A4396001D73CF /* CheckmarkPopover.swift */,
			);
			path = Views;
			sourceTree = "<group>";
		};
		E9DCDF272A8E21170080E6E4 /* Mapper */ = {
			isa = PBXGroup;
			children = (
			);
			path = Mapper;
			sourceTree = "<group>";
		};
		E9DCDF282A8E211F0080E6E4 /* Form */ = {
			isa = PBXGroup;
			children = (
			);
			path = Form;
			sourceTree = "<group>";
		};
		E9DCDF292A8E21250080E6E4 /* Networking */ = {
			isa = PBXGroup;
			children = (
				E9DCDF302A8E4D140080E6E4 /* NetworkingManager */,
				E9DCDF2D2A8E46320080E6E4 /* Mocks */,
				E9DCDF2A2A8E21470080E6E4 /* Endpoint */,
			);
			path = Networking;
			sourceTree = "<group>";
		};
		E9DCDF2A2A8E21470080E6E4 /* Endpoint */ = {
			isa = PBXGroup;
			children = (
				E9DCDF2B2A8E217D0080E6E4 /* NetworkingEndpointTests.swift */,
			);
			path = Endpoint;
			sourceTree = "<group>";
		};
		E9DCDF2D2A8E46320080E6E4 /* Mocks */ = {
			isa = PBXGroup;
			children = (
				E9DCDF2E2A8E46490080E6E4 /* MockURLSessionProtocol.swift */,
				E9DCDF362A8E76A10080E6E4 /* NetworkingManagerUserResponseSuccessMock.swift */,
			);
			path = Mocks;
			sourceTree = "<group>";
		};
		E9DCDF302A8E4D140080E6E4 /* NetworkingManager */ = {
			isa = PBXGroup;
			children = (
				E9DCDF312A8E4D2B0080E6E4 /* NetworkingManagerTests.swift */,
			);
			path = NetworkingManager;
			sourceTree = "<group>";
		};
		E9DCDF332A8E75DE0080E6E4 /* People */ = {
			isa = PBXGroup;
			children = (
				E9DCDF342A8E75FD0080E6E4 /* PeopleViewModelSuccessTests.swift */,
			);
			path = People;
			sourceTree = "<group>";
		};
		E9E965A32A89288F00ECADEE /* API */ = {
			isa = PBXGroup;
			children = (
				E9E965A42A8928A200ECADEE /* NetworkingManager.swift */,
				E97D5AD02A8A6991001D73CF /* EndPoint.swift */,
			);
			path = API;
			sourceTree = "<group>";
		};
/* End PBXGroup section */

/* Begin PBXNativeTarget section */
		E9A2B4462A87B92000B81873 /* iOSTakeHomeProject */ = {
			isa = PBXNativeTarget;
			buildConfigurationList = E9A2B46B2A87B92100B81873 /* Build configuration list for PBXNativeTarget "iOSTakeHomeProject" */;
			buildPhases = (
				E9A2B4432A87B92000B81873 /* Sources */,
				E9A2B4442A87B92000B81873 /* Frameworks */,
				E9A2B4452A87B92000B81873 /* Resources */,
			);
			buildRules = (
			);
			dependencies = (
			);
			name = iOSTakeHomeProject;
			productName = iOSTakeHomeProject;
			productReference = E9A2B4472A87B92000B81873 /* iOSTakeHomeProject.app */;
			productType = "com.apple.product-type.application";
		};
		E9A2B4562A87B92100B81873 /* iOSTakeHomeProjectTests */ = {
			isa = PBXNativeTarget;
			buildConfigurationList = E9A2B46E2A87B92100B81873 /* Build configuration list for PBXNativeTarget "iOSTakeHomeProjectTests" */;
			buildPhases = (
				E9A2B4532A87B92100B81873 /* Sources */,
				E9A2B4542A87B92100B81873 /* Frameworks */,
				E9A2B4552A87B92100B81873 /* Resources */,
			);
			buildRules = (
			);
			dependencies = (
				E9A2B4592A87B92100B81873 /* PBXTargetDependency */,
			);
			name = iOSTakeHomeProjectTests;
			productName = iOSTakeHomeProjectTests;
			productReference = E9A2B4572A87B92100B81873 /* iOSTakeHomeProjectTests.xctest */;
			productType = "com.apple.product-type.bundle.unit-test";
		};
		E9A2B4602A87B92100B81873 /* iOSTakeHomeProjectUITests */ = {
			isa = PBXNativeTarget;
			buildConfigurationList = E9A2B4712A87B92100B81873 /* Build configuration list for PBXNativeTarget "iOSTakeHomeProjectUITests" */;
			buildPhases = (
				E9A2B45D2A87B92100B81873 /* Sources */,
				E9A2B45E2A87B92100B81873 /* Frameworks */,
				E9A2B45F2A87B92100B81873 /* Resources */,
			);
			buildRules = (
			);
			dependencies = (
				E9A2B4632A87B92100B81873 /* PBXTargetDependency */,
			);
			name = iOSTakeHomeProjectUITests;
			productName = iOSTakeHomeProjectUITests;
			productReference = E9A2B4612A87B92100B81873 /* iOSTakeHomeProjectUITests.xctest */;
			productType = "com.apple.product-type.bundle.ui-testing";
		};
/* End PBXNativeTarget section */

/* Begin PBXProject section */
		E9A2B43F2A87B91F00B81873 /* Project object */ = {
			isa = PBXProject;
			attributes = {
				BuildIndependentTargetsInParallel = 1;
				LastSwiftUpdateCheck = 1430;
				LastUpgradeCheck = 1430;
				TargetAttributes = {
					E9A2B4462A87B92000B81873 = {
						CreatedOnToolsVersion = 14.3.1;
					};
					E9A2B4562A87B92100B81873 = {
						CreatedOnToolsVersion = 14.3.1;
						TestTargetID = E9A2B4462A87B92000B81873;
					};
					E9A2B4602A87B92100B81873 = {
						CreatedOnToolsVersion = 14.3.1;
						TestTargetID = E9A2B4462A87B92000B81873;
					};
				};
			};
			buildConfigurationList = E9A2B4422A87B91F00B81873 /* Build configuration list for PBXProject "iOSTakeHomeProject" */;
			compatibilityVersion = "Xcode 14.0";
			developmentRegion = en;
			hasScannedForEncodings = 0;
			knownRegions = (
				en,
				Base,
			);
			mainGroup = E9A2B43E2A87B91F00B81873;
			productRefGroup = E9A2B4482A87B92000B81873 /* Products */;
			projectDirPath = "";
			projectRoot = "";
			targets = (
				E9A2B4462A87B92000B81873 /* iOSTakeHomeProject */,
				E9A2B4562A87B92100B81873 /* iOSTakeHomeProjectTests */,
				E9A2B4602A87B92100B81873 /* iOSTakeHomeProjectUITests */,
			);
		};
/* End PBXProject section */

/* Begin PBXResourcesBuildPhase section */
		E9A2B4452A87B92000B81873 /* Resources */ = {
			isa = PBXResourcesBuildPhase;
			buildActionMask = 2147483647;
			files = (
				E9A2B4522A87B92100B81873 /* Preview Assets.xcassets in Resources */,
				E9A2B44F2A87B92100B81873 /* Assets.xcassets in Resources */,
				E9A2B48D2A87CAD300B81873 /* SingleUserData.json in Resources */,
				E9A2B48B2A87CA2A00B81873 /* UserStaticData.json in Resources */,
			);
			runOnlyForDeploymentPostprocessing = 0;
		};
		E9A2B4552A87B92100B81873 /* Resources */ = {
			isa = PBXResourcesBuildPhase;
			buildActionMask = 2147483647;
			files = (
			);
			runOnlyForDeploymentPostprocessing = 0;
		};
		E9A2B45F2A87B92100B81873 /* Resources */ = {
			isa = PBXResourcesBuildPhase;
			buildActionMask = 2147483647;
			files = (
			);
			runOnlyForDeploymentPostprocessing = 0;
		};
/* End PBXResourcesBuildPhase section */

/* Begin PBXSourcesBuildPhase section */
		E9A2B4432A87B92000B81873 /* Sources */ = {
			isa = PBXSourcesBuildPhase;
			buildActionMask = 2147483647;
			files = (
				E97D5ACC2A8A62F8001D73CF /* SettingsView.swift in Sources */,
				E9A2B4982A87CEEC00B81873 /* StaticJSONMapper.swift in Sources */,
				E9A2B49F2A87F94500B81873 /* PillView.swift in Sources */,
				E9A2B4762A87BB4D00B81873 /* Symbols.swift in Sources */,
				E9516F342A89792F00CCF832 /* CreateViewModel.swift in Sources */,
				E9A2B49A2A87DB2600B81873 /* PeopleView.swift in Sources */,
				E9A2B4782A87C56500B81873 /* Theme.swift in Sources */,
				E9A2B4A12A8811AD00B81873 /* DetailView.swift in Sources */,
				E9A2B48F2A87CC0900B81873 /* UserDetailResponse.swift in Sources */,
				E9A2B44B2A87B92000B81873 /* iOSTakeHomeProjectApp.swift in Sources */,
				E9E965A52A8928A200ECADEE /* NetworkingManager.swift in Sources */,
				E9A2B4912A87CCB400B81873 /* UserResponse.swift in Sources */,
				E9A2B49C2A87EBD400B81873 /* PersonItemView.swift in Sources */,
				E9516F322A8978B100CCF832 /* NewPerson.swift in Sources */,
				E97D5AC42A8A4396001D73CF /* CheckmarkPopover.swift in Sources */,
				E9516F2E2A89670700CCF832 /* PeopleViewModel.swift in Sources */,
				E97D5ACF2A8A6498001D73CF /* UserDefaultKeys.swift in Sources */,
				E9E965A22A891A7700ECADEE /* CreateView.swift in Sources */,
				E97D5AC72A8A4DC0001D73CF /* CreateValidator.swift in Sources */,
				E9516F302A89700E00CCF832 /* DetailViewModel.swift in Sources */,
				E97D5AD12A8A6991001D73CF /* EndPoint.swift in Sources */,
				E97D5ACA2A8A6127001D73CF /* HapticsManager.swift in Sources */,
				E9A2B4952A87CE8B00B81873 /* Models.swift in Sources */,
			);
			runOnlyForDeploymentPostprocessing = 0;
		};
		E9A2B4532A87B92100B81873 /* Sources */ = {
			isa = PBXSourcesBuildPhase;
			buildActionMask = 2147483647;
			files = (
				E9DCDF2C2A8E217D0080E6E4 /* NetworkingEndpointTests.swift in Sources */,
				E9DCDF322A8E4D2B0080E6E4 /* NetworkingManagerTests.swift in Sources */,
				E9A2B45C2A87B92100B81873 /* iOSTakeHomeProjectTests.swift in Sources */,
				E9DCDF372A8E76A10080E6E4 /* NetworkingManagerUserResponseSuccessMock.swift in Sources */,
				E9DCDF352A8E75FD0080E6E4 /* PeopleViewModelSuccessTests.swift in Sources */,
				E9DCDF2F2A8E46490080E6E4 /* MockURLSessionProtocol.swift in Sources */,
			);
			runOnlyForDeploymentPostprocessing = 0;
		};
		E9A2B45D2A87B92100B81873 /* Sources */ = {
			isa = PBXSourcesBuildPhase;
			buildActionMask = 2147483647;
			files = (
				E9A2B4682A87B92100B81873 /* iOSTakeHomeProjectUITestsLaunchTests.swift in Sources */,
				E9A2B4662A87B92100B81873 /* iOSTakeHomeProjectUITests.swift in Sources */,
			);
			runOnlyForDeploymentPostprocessing = 0;
		};
/* End PBXSourcesBuildPhase section */

/* Begin PBXTargetDependency section */
		E9A2B4592A87B92100B81873 /* PBXTargetDependency */ = {
			isa = PBXTargetDependency;
			target = E9A2B4462A87B92000B81873 /* iOSTakeHomeProject */;
			targetProxy = E9A2B4582A87B92100B81873 /* PBXContainerItemProxy */;
		};
		E9A2B4632A87B92100B81873 /* PBXTargetDependency */ = {
			isa = PBXTargetDependency;
			target = E9A2B4462A87B92000B81873 /* iOSTakeHomeProject */;
			targetProxy = E9A2B4622A87B92100B81873 /* PBXContainerItemProxy */;
		};
/* End PBXTargetDependency section */

/* Begin XCBuildConfiguration section */
		E9A2B4692A87B92100B81873 /* Debug */ = {
			isa = XCBuildConfiguration;
			buildSettings = {
				ALWAYS_SEARCH_USER_PATHS = NO;
				CLANG_ANALYZER_NONNULL = YES;
				CLANG_ANALYZER_NUMBER_OBJECT_CONVERSION = YES_AGGRESSIVE;
				CLANG_CXX_LANGUAGE_STANDARD = "gnu++20";
				CLANG_ENABLE_MODULES = YES;
				CLANG_ENABLE_OBJC_ARC = YES;
				CLANG_ENABLE_OBJC_WEAK = YES;
				CLANG_WARN_BLOCK_CAPTURE_AUTORELEASING = YES;
				CLANG_WARN_BOOL_CONVERSION = YES;
				CLANG_WARN_COMMA = YES;
				CLANG_WARN_CONSTANT_CONVERSION = YES;
				CLANG_WARN_DEPRECATED_OBJC_IMPLEMENTATIONS = YES;
				CLANG_WARN_DIRECT_OBJC_ISA_USAGE = YES_ERROR;
				CLANG_WARN_DOCUMENTATION_COMMENTS = YES;
				CLANG_WARN_EMPTY_BODY = YES;
				CLANG_WARN_ENUM_CONVERSION = YES;
				CLANG_WARN_INFINITE_RECURSION = YES;
				CLANG_WARN_INT_CONVERSION = YES;
				CLANG_WARN_NON_LITERAL_NULL_CONVERSION = YES;
				CLANG_WARN_OBJC_IMPLICIT_RETAIN_SELF = YES;
				CLANG_WARN_OBJC_LITERAL_CONVERSION = YES;
				CLANG_WARN_OBJC_ROOT_CLASS = YES_ERROR;
				CLANG_WARN_QUOTED_INCLUDE_IN_FRAMEWORK_HEADER = YES;
				CLANG_WARN_RANGE_LOOP_ANALYSIS = YES;
				CLANG_WARN_STRICT_PROTOTYPES = YES;
				CLANG_WARN_SUSPICIOUS_MOVE = YES;
				CLANG_WARN_UNGUARDED_AVAILABILITY = YES_AGGRESSIVE;
				CLANG_WARN_UNREACHABLE_CODE = YES;
				CLANG_WARN__DUPLICATE_METHOD_MATCH = YES;
				COPY_PHASE_STRIP = NO;
				DEBUG_INFORMATION_FORMAT = dwarf;
				ENABLE_STRICT_OBJC_MSGSEND = YES;
				ENABLE_TESTABILITY = YES;
				GCC_C_LANGUAGE_STANDARD = gnu11;
				GCC_DYNAMIC_NO_PIC = NO;
				GCC_NO_COMMON_BLOCKS = YES;
				GCC_OPTIMIZATION_LEVEL = 0;
				GCC_PREPROCESSOR_DEFINITIONS = (
					"DEBUG=1",
					"$(inherited)",
				);
				GCC_WARN_64_TO_32_BIT_CONVERSION = YES;
				GCC_WARN_ABOUT_RETURN_TYPE = YES_ERROR;
				GCC_WARN_UNDECLARED_SELECTOR = YES;
				GCC_WARN_UNINITIALIZED_AUTOS = YES_AGGRESSIVE;
				GCC_WARN_UNUSED_FUNCTION = YES;
				GCC_WARN_UNUSED_VARIABLE = YES;
				IPHONEOS_DEPLOYMENT_TARGET = 16.4;
				MTL_ENABLE_DEBUG_INFO = INCLUDE_SOURCE;
				MTL_FAST_MATH = YES;
				ONLY_ACTIVE_ARCH = YES;
				SDKROOT = iphoneos;
				SWIFT_ACTIVE_COMPILATION_CONDITIONS = DEBUG;
				SWIFT_OPTIMIZATION_LEVEL = "-Onone";
			};
			name = Debug;
		};
		E9A2B46A2A87B92100B81873 /* Release */ = {
			isa = XCBuildConfiguration;
			buildSettings = {
				ALWAYS_SEARCH_USER_PATHS = NO;
				CLANG_ANALYZER_NONNULL = YES;
				CLANG_ANALYZER_NUMBER_OBJECT_CONVERSION = YES_AGGRESSIVE;
				CLANG_CXX_LANGUAGE_STANDARD = "gnu++20";
				CLANG_ENABLE_MODULES = YES;
				CLANG_ENABLE_OBJC_ARC = YES;
				CLANG_ENABLE_OBJC_WEAK = YES;
				CLANG_WARN_BLOCK_CAPTURE_AUTORELEASING = YES;
				CLANG_WARN_BOOL_CONVERSION = YES;
				CLANG_WARN_COMMA = YES;
				CLANG_WARN_CONSTANT_CONVERSION = YES;
				CLANG_WARN_DEPRECATED_OBJC_IMPLEMENTATIONS = YES;
				CLANG_WARN_DIRECT_OBJC_ISA_USAGE = YES_ERROR;
				CLANG_WARN_DOCUMENTATION_COMMENTS = YES;
				CLANG_WARN_EMPTY_BODY = YES;
				CLANG_WARN_ENUM_CONVERSION = YES;
				CLANG_WARN_INFINITE_RECURSION = YES;
				CLANG_WARN_INT_CONVERSION = YES;
				CLANG_WARN_NON_LITERAL_NULL_CONVERSION = YES;
				CLANG_WARN_OBJC_IMPLICIT_RETAIN_SELF = YES;
				CLANG_WARN_OBJC_LITERAL_CONVERSION = YES;
				CLANG_WARN_OBJC_ROOT_CLASS = YES_ERROR;
				CLANG_WARN_QUOTED_INCLUDE_IN_FRAMEWORK_HEADER = YES;
				CLANG_WARN_RANGE_LOOP_ANALYSIS = YES;
				CLANG_WARN_STRICT_PROTOTYPES = YES;
				CLANG_WARN_SUSPICIOUS_MOVE = YES;
				CLANG_WARN_UNGUARDED_AVAILABILITY = YES_AGGRESSIVE;
				CLANG_WARN_UNREACHABLE_CODE = YES;
				CLANG_WARN__DUPLICATE_METHOD_MATCH = YES;
				COPY_PHASE_STRIP = NO;
				DEBUG_INFORMATION_FORMAT = "dwarf-with-dsym";
				ENABLE_NS_ASSERTIONS = NO;
				ENABLE_STRICT_OBJC_MSGSEND = YES;
				GCC_C_LANGUAGE_STANDARD = gnu11;
				GCC_NO_COMMON_BLOCKS = YES;
				GCC_WARN_64_TO_32_BIT_CONVERSION = YES;
				GCC_WARN_ABOUT_RETURN_TYPE = YES_ERROR;
				GCC_WARN_UNDECLARED_SELECTOR = YES;
				GCC_WARN_UNINITIALIZED_AUTOS = YES_AGGRESSIVE;
				GCC_WARN_UNUSED_FUNCTION = YES;
				GCC_WARN_UNUSED_VARIABLE = YES;
				IPHONEOS_DEPLOYMENT_TARGET = 16.4;
				MTL_ENABLE_DEBUG_INFO = NO;
				MTL_FAST_MATH = YES;
				SDKROOT = iphoneos;
				SWIFT_COMPILATION_MODE = wholemodule;
				SWIFT_OPTIMIZATION_LEVEL = "-O";
				VALIDATE_PRODUCT = YES;
			};
			name = Release;
		};
		E9A2B46C2A87B92100B81873 /* Debug */ = {
			isa = XCBuildConfiguration;
			buildSettings = {
				ASSETCATALOG_COMPILER_APPICON_NAME = AppIcon;
				ASSETCATALOG_COMPILER_GLOBAL_ACCENT_COLOR_NAME = AccentColor;
				CODE_SIGN_STYLE = Automatic;
				CURRENT_PROJECT_VERSION = 1;
				DEVELOPMENT_ASSET_PATHS = "\"iOSTakeHomeProject/Preview Content\"";
				DEVELOPMENT_TEAM = 5Z6579228A;
				ENABLE_PREVIEWS = YES;
				GENERATE_INFOPLIST_FILE = YES;
				INFOPLIST_KEY_UIApplicationSceneManifest_Generation = YES;
				INFOPLIST_KEY_UIApplicationSupportsIndirectInputEvents = YES;
				INFOPLIST_KEY_UILaunchScreen_Generation = YES;
				INFOPLIST_KEY_UISupportedInterfaceOrientations_iPad = "UIInterfaceOrientationPortrait UIInterfaceOrientationPortraitUpsideDown UIInterfaceOrientationLandscapeLeft UIInterfaceOrientationLandscapeRight";
				INFOPLIST_KEY_UISupportedInterfaceOrientations_iPhone = "UIInterfaceOrientationPortrait UIInterfaceOrientationLandscapeLeft UIInterfaceOrientationLandscapeRight";
				LD_RUNPATH_SEARCH_PATHS = (
					"$(inherited)",
					"@executable_path/Frameworks",
				);
				MARKETING_VERSION = 1.0;
				PRODUCT_BUNDLE_IDENTIFIER = com.aykutipek.iOSTakeHomeProject;
				PRODUCT_NAME = "$(TARGET_NAME)";
				SWIFT_EMIT_LOC_STRINGS = YES;
				SWIFT_VERSION = 5.0;
				TARGETED_DEVICE_FAMILY = "1,2";
			};
			name = Debug;
		};
		E9A2B46D2A87B92100B81873 /* Release */ = {
			isa = XCBuildConfiguration;
			buildSettings = {
				ASSETCATALOG_COMPILER_APPICON_NAME = AppIcon;
				ASSETCATALOG_COMPILER_GLOBAL_ACCENT_COLOR_NAME = AccentColor;
				CODE_SIGN_STYLE = Automatic;
				CURRENT_PROJECT_VERSION = 1;
				DEVELOPMENT_ASSET_PATHS = "\"iOSTakeHomeProject/Preview Content\"";
				DEVELOPMENT_TEAM = 5Z6579228A;
				ENABLE_PREVIEWS = YES;
				GENERATE_INFOPLIST_FILE = YES;
				INFOPLIST_KEY_UIApplicationSceneManifest_Generation = YES;
				INFOPLIST_KEY_UIApplicationSupportsIndirectInputEvents = YES;
				INFOPLIST_KEY_UILaunchScreen_Generation = YES;
				INFOPLIST_KEY_UISupportedInterfaceOrientations_iPad = "UIInterfaceOrientationPortrait UIInterfaceOrientationPortraitUpsideDown UIInterfaceOrientationLandscapeLeft UIInterfaceOrientationLandscapeRight";
				INFOPLIST_KEY_UISupportedInterfaceOrientations_iPhone = "UIInterfaceOrientationPortrait UIInterfaceOrientationLandscapeLeft UIInterfaceOrientationLandscapeRight";
				LD_RUNPATH_SEARCH_PATHS = (
					"$(inherited)",
					"@executable_path/Frameworks",
				);
				MARKETING_VERSION = 1.0;
				PRODUCT_BUNDLE_IDENTIFIER = com.aykutipek.iOSTakeHomeProject;
				PRODUCT_NAME = "$(TARGET_NAME)";
				SWIFT_EMIT_LOC_STRINGS = YES;
				SWIFT_VERSION = 5.0;
				TARGETED_DEVICE_FAMILY = "1,2";
			};
			name = Release;
		};
		E9A2B46F2A87B92100B81873 /* Debug */ = {
			isa = XCBuildConfiguration;
			buildSettings = {
				ALWAYS_EMBED_SWIFT_STANDARD_LIBRARIES = YES;
				BUNDLE_LOADER = "$(TEST_HOST)";
				CODE_SIGN_STYLE = Automatic;
				CURRENT_PROJECT_VERSION = 1;
				DEVELOPMENT_TEAM = 5Z6579228A;
				GENERATE_INFOPLIST_FILE = YES;
				IPHONEOS_DEPLOYMENT_TARGET = 16.4;
				MARKETING_VERSION = 1.0;
				PRODUCT_BUNDLE_IDENTIFIER = com.aykutipek.iOSTakeHomeProjectTests;
				PRODUCT_NAME = "$(TARGET_NAME)";
				SWIFT_EMIT_LOC_STRINGS = NO;
				SWIFT_VERSION = 5.0;
				TARGETED_DEVICE_FAMILY = "1,2";
				TEST_HOST = "$(BUILT_PRODUCTS_DIR)/iOSTakeHomeProject.app/$(BUNDLE_EXECUTABLE_FOLDER_PATH)/iOSTakeHomeProject";
			};
			name = Debug;
		};
		E9A2B4702A87B92100B81873 /* Release */ = {
			isa = XCBuildConfiguration;
			buildSettings = {
				ALWAYS_EMBED_SWIFT_STANDARD_LIBRARIES = YES;
				BUNDLE_LOADER = "$(TEST_HOST)";
				CODE_SIGN_STYLE = Automatic;
				CURRENT_PROJECT_VERSION = 1;
				DEVELOPMENT_TEAM = 5Z6579228A;
				GENERATE_INFOPLIST_FILE = YES;
				IPHONEOS_DEPLOYMENT_TARGET = 16.4;
				MARKETING_VERSION = 1.0;
				PRODUCT_BUNDLE_IDENTIFIER = com.aykutipek.iOSTakeHomeProjectTests;
				PRODUCT_NAME = "$(TARGET_NAME)";
				SWIFT_EMIT_LOC_STRINGS = NO;
				SWIFT_VERSION = 5.0;
				TARGETED_DEVICE_FAMILY = "1,2";
				TEST_HOST = "$(BUILT_PRODUCTS_DIR)/iOSTakeHomeProject.app/$(BUNDLE_EXECUTABLE_FOLDER_PATH)/iOSTakeHomeProject";
			};
			name = Release;
		};
		E9A2B4722A87B92100B81873 /* Debug */ = {
			isa = XCBuildConfiguration;
			buildSettings = {
				ALWAYS_EMBED_SWIFT_STANDARD_LIBRARIES = YES;
				CODE_SIGN_STYLE = Automatic;
				CURRENT_PROJECT_VERSION = 1;
				DEVELOPMENT_TEAM = 5Z6579228A;
				GENERATE_INFOPLIST_FILE = YES;
				MARKETING_VERSION = 1.0;
				PRODUCT_BUNDLE_IDENTIFIER = com.aykutipek.iOSTakeHomeProjectUITests;
				PRODUCT_NAME = "$(TARGET_NAME)";
				SWIFT_EMIT_LOC_STRINGS = NO;
				SWIFT_VERSION = 5.0;
				TARGETED_DEVICE_FAMILY = "1,2";
				TEST_TARGET_NAME = iOSTakeHomeProject;
			};
			name = Debug;
		};
		E9A2B4732A87B92100B81873 /* Release */ = {
			isa = XCBuildConfiguration;
			buildSettings = {
				ALWAYS_EMBED_SWIFT_STANDARD_LIBRARIES = YES;
				CODE_SIGN_STYLE = Automatic;
				CURRENT_PROJECT_VERSION = 1;
				DEVELOPMENT_TEAM = 5Z6579228A;
				GENERATE_INFOPLIST_FILE = YES;
				MARKETING_VERSION = 1.0;
				PRODUCT_BUNDLE_IDENTIFIER = com.aykutipek.iOSTakeHomeProjectUITests;
				PRODUCT_NAME = "$(TARGET_NAME)";
				SWIFT_EMIT_LOC_STRINGS = NO;
				SWIFT_VERSION = 5.0;
				TARGETED_DEVICE_FAMILY = "1,2";
				TEST_TARGET_NAME = iOSTakeHomeProject;
			};
			name = Release;
		};
/* End XCBuildConfiguration section */

/* Begin XCConfigurationList section */
		E9A2B4422A87B91F00B81873 /* Build configuration list for PBXProject "iOSTakeHomeProject" */ = {
			isa = XCConfigurationList;
			buildConfigurations = (
				E9A2B4692A87B92100B81873 /* Debug */,
				E9A2B46A2A87B92100B81873 /* Release */,
			);
			defaultConfigurationIsVisible = 0;
			defaultConfigurationName = Release;
		};
		E9A2B46B2A87B92100B81873 /* Build configuration list for PBXNativeTarget "iOSTakeHomeProject" */ = {
			isa = XCConfigurationList;
			buildConfigurations = (
				E9A2B46C2A87B92100B81873 /* Debug */,
				E9A2B46D2A87B92100B81873 /* Release */,
			);
			defaultConfigurationIsVisible = 0;
			defaultConfigurationName = Release;
		};
		E9A2B46E2A87B92100B81873 /* Build configuration list for PBXNativeTarget "iOSTakeHomeProjectTests" */ = {
			isa = XCConfigurationList;
			buildConfigurations = (
				E9A2B46F2A87B92100B81873 /* Debug */,
				E9A2B4702A87B92100B81873 /* Release */,
			);
			defaultConfigurationIsVisible = 0;
			defaultConfigurationName = Release;
		};
		E9A2B4712A87B92100B81873 /* Build configuration list for PBXNativeTarget "iOSTakeHomeProjectUITests" */ = {
			isa = XCConfigurationList;
			buildConfigurations = (
				E9A2B4722A87B92100B81873 /* Debug */,
				E9A2B4732A87B92100B81873 /* Release */,
			);
			defaultConfigurationIsVisible = 0;
			defaultConfigurationName = Release;
		};
/* End XCConfigurationList section */
	};
	rootObject = E9A2B43F2A87B91F00B81873 /* Project object */;
}
